
Microsoft Visual Studio Solution File, Format Version 12.00
# Visual Studio 2013
VisualStudioVersion = 12.0.31101.0
MinimumVisualStudioVersion = 10.0.40219.1
Project("{FAE04EC0-301F-11D3-BF4B-00C04F79EFBC}") = "ConcordyaPayee.Web.Api", "ConcordyaWebApi\ConcordyaPayee.Web.Api.csproj", "{C30BCF2D-633D-4CF5-8D64-44C7D03887FF}"
EndProject
Project("{FAE04EC0-301F-11D3-BF4B-00C04F79EFBC}") = "ConcordyaPayee.Data", "ConcordyaPayee.Data\ConcordyaPayee.Data.csproj", "{795626D6-1920-4BD1-B017-4063EE1E3355}"
EndProject
Project("{FAE04EC0-301F-11D3-BF4B-00C04F79EFBC}") = "ConcordyaPayee.Thirdparty.Core", "ConcordyaPayee.Thirdparty.Core\ConcordyaPayee.Thirdparty.Core.csproj", "{013DCE34-B374-47EA-A827-9FF06E2B9F55}"
EndProject
Project("{FAE04EC0-301F-11D3-BF4B-00C04F79EFBC}") = "ConcordyaPayee.CommandProcessor", "ConcordyaPayee.CommandProcessor\ConcordyaPayee.CommandProcessor.csproj", "{A23DEB88-C65C-49EA-BEE3-BBFDC7B8FE56}"
EndProject
Project("{FAE04EC0-301F-11D3-BF4B-00C04F79EFBC}") = "ConcordyaPayee.Core.Common", "ConcordyaPayee.Core.Common\ConcordyaPayee.Core.Common.csproj", "{0A980CF7-5466-4F48-BE56-336832B47796}"
EndProject
Project("{FAE04EC0-301F-11D3-BF4B-00C04F79EFBC}") = "ConcordyaPayee.Domain", "ConcordyaPayee.Domain\ConcordyaPayee.Domain.csproj", "{72731D2E-7E1B-46FF-AE75-80BAC8A64921}"
EndProject
Project("{FAE04EC0-301F-11D3-BF4B-00C04F79EFBC}") = "ConcordyaPayee.Web.ViewModel", "ConcordayPayee.Web.ViewModel\ConcordyaPayee.Web.ViewModel.csproj", "{205688D9-D50B-44F9-8241-E439A87B0283}"
EndProject
Project("{FAE04EC0-301F-11D3-BF4B-00C04F79EFBC}") = "ConcordyaPayee.Data.Entity", "ConcordyaPayee.Data.Entity\ConcordyaPayee.Data.Entity.csproj", "{2925ECEC-9C27-4072-BD1D-D17748AEAFCE}"
EndProject
Project("{FAE04EC0-301F-11D3-BF4B-00C04F79EFBC}") = "ConcordyaPayee.Test.CommandTest", "ConcordyaPayee.Test.CommandTest\ConcordyaPayee.Test.CommandTest.csproj", "{54EBF8B0-6C23-494B-ADCA-D7264376FAA2}"
EndProject
Global
	GlobalSection(SolutionConfigurationPlatforms) = preSolution
		Debug|Any CPU = Debug|Any CPU
		Release|Any CPU = Release|Any CPU
	EndGlobalSection
	GlobalSection(ProjectConfigurationPlatforms) = postSolution
		{C30BCF2D-633D-4CF5-8D64-44C7D03887FF}.Debug|Any CPU.ActiveCfg = Debug|Any CPU
		{C30BCF2D-633D-4CF5-8D64-44C7D03887FF}.Debug|Any CPU.Build.0 = Debug|Any CPU
		{C30BCF2D-633D-4CF5-8D64-44C7D03887FF}.Release|Any CPU.ActiveCfg = Release|Any CPU
		{C30BCF2D-633D-4CF5-8D64-44C7D03887FF}.Release|Any CPU.Build.0 = Release|Any CPU
		{795626D6-1920-4BD1-B017-4063EE1E3355}.Debug|Any CPU.ActiveCfg = Debug|Any CPU
		{795626D6-1920-4BD1-B017-4063EE1E3355}.Debug|Any CPU.Build.0 = Debug|Any CPU
		{795626D6-1920-4BD1-B017-4063EE1E3355}.Release|Any CPU.ActiveCfg = Release|Any CPU
		{795626D6-1920-4BD1-B017-4063EE1E3355}.Release|Any CPU.Build.0 = Release|Any CPU
		{013DCE34-B374-47EA-A827-9FF06E2B9F55}.Debug|Any CPU.ActiveCfg = Debug|Any CPU
		{013DCE34-B374-47EA-A827-9FF06E2B9F55}.Debug|Any CPU.Build.0 = Debug|Any CPU
		{013DCE34-B374-47EA-A827-9FF06E2B9F55}.Release|Any CPU.ActiveCfg = Release|Any CPU
		{013DCE34-B374-47EA-A827-9FF06E2B9F55}.Release|Any CPU.Build.0 = Release|Any CPU
		{A23DEB88-C65C-49EA-BEE3-BBFDC7B8FE56}.Debug|Any CPU.ActiveCfg = Debug|Any CPU
		{A23DEB88-C65C-49EA-BEE3-BBFDC7B8FE56}.Debug|Any CPU.Build.0 = Debug|Any CPU
		{A23DEB88-C65C-49EA-BEE3-BBFDC7B8FE56}.Release|Any CPU.ActiveCfg = Release|Any CPU
		{A23DEB88-C65C-49EA-BEE3-BBFDC7B8FE56}.Release|Any CPU.Build.0 = Release|Any CPU
		{0A980CF7-5466-4F48-BE56-336832B47796}.Debug|Any CPU.ActiveCfg = Debug|Any CPU
		{0A980CF7-5466-4F48-BE56-336832B47796}.Debug|Any CPU.Build.0 = Debug|Any CPU
		{0A980CF7-5466-4F48-BE56-336832B47796}.Release|Any CPU.ActiveCfg = Release|Any CPU
		{0A980CF7-5466-4F48-BE56-336832B47796}.Release|Any CPU.Build.0 = Release|Any CPU
		{72731D2E-7E1B-46FF-AE75-80BAC8A64921}.Debug|Any CPU.ActiveCfg = Debug|Any CPU
		{72731D2E-7E1B-46FF-AE75-80BAC8A64921}.Debug|Any CPU.Build.0 = Debug|Any CPU
		{72731D2E-7E1B-46FF-AE75-80BAC8A64921}.Release|Any CPU.ActiveCfg = Release|Any CPU
		{72731D2E-7E1B-46FF-AE75-80BAC8A64921}.Release|Any CPU.Build.0 = Release|Any CPU
		{205688D9-D50B-44F9-8241-E439A87B0283}.Debug|Any CPU.ActiveCfg = Debug|Any CPU
		{205688D9-D50B-44F9-8241-E439A87B0283}.Debug|Any CPU.Build.0 = Debug|Any CPU
		{205688D9-D50B-44F9-8241-E439A87B0283}.Release|Any CPU.ActiveCfg = Release|Any CPU
		{205688D9-D50B-44F9-8241-E439A87B0283}.Release|Any CPU.Build.0 = Release|Any CPU
		{2925ECEC-9C27-4072-BD1D-D17748AEAFCE}.Debug|Any CPU.ActiveCfg = Debug|Any CPU
		{2925ECEC-9C27-4072-BD1D-D17748AEAFCE}.Debug|Any CPU.Build.0 = Debug|Any CPU
		{2925ECEC-9C27-4072-BD1D-D17748AEAFCE}.Release|Any CPU.ActiveCfg = Release|Any CPU
		{2925ECEC-9C27-4072-BD1D-D17748AEAFCE}.Release|Any CPU.Build.0 = Release|Any CPU
		{54EBF8B0-6C23-494B-ADCA-D7264376FAA2}.Debug|Any CPU.ActiveCfg = Debug|Any CPU
		{54EBF8B0-6C23-494B-ADCA-D7264376FAA2}.Debug|Any CPU.Build.0 = Debug|Any CPU
		{54EBF8B0-6C23-494B-ADCA-D7264376FAA2}.Release|Any CPU.ActiveCfg = Release|Any CPU
		{54EBF8B0-6C23-494B-ADCA-D7264376FAA2}.Release|Any CPU.Build.0 = Release|Any CPU
	EndGlobalSection
	GlobalSection(SolutionProperties) = preSolution
		HideSolutionNode = FALSE
	EndGlobalSection
EndGlobal
